Microsoft Visual Studio Solution File, Format Version 12.00
# Visual Studio Version 17
VisualStudioVersion = 17.14.35806.103
MinimumVisualStudioVersion = 10.0.40219.1
Project("{FAE04EC0-301F-11D3-BF4B-00C04F79EFBC}") = "SchoolProject.Api", "SchoolProject.Api\SchoolProject.Api.csproj", "{9461BA01-27B0-4A45-A246-05EEAB11A059}"
EndProject
Project("{FAE04EC0-301F-11D3-BF4B-00C04F79EFBC}") = "SchoolData", "SchoolData\SchoolData.csproj", "{9C9C23CE-4281-427C-8869-52FCE6CE8829}"
EndProject
Project("{FAE04EC0-301F-11D3-BF4B-00C04F79EFBC}") = "SchoolInfrastructure", "SchoolInfrastructure\SchoolInfrastructure.csproj", "{93E148CC-A144-4606-B931-8FF387CE66D4}"
EndProject
Project("{FAE04EC0-301F-11D3-BF4B-00C04F79EFBC}") = "SchoolService", "SchoolService\SchoolService.csproj", "{3E3A4A31-AD91-4BEA-8C09-7B120C951124}"
EndProject
Project("{FAE04EC0-301F-11D3-BF4B-00C04F79EFBC}") = "SchoolCore", "SchoolCore\SchoolCore.csproj", "{FBEE50CD-1EAA-410C-A6CA-A3006E5B10F7}"
EndProject
Global
	GlobalSection(SolutionConfigurationPlatforms) = preSolution
		Debug|Any CPU = Debug|Any CPU
		Release|Any CPU = Release|Any CPU
	EndGlobalSection
	GlobalSection(ProjectConfigurationPlatforms) = postSolution
		{9461BA01-27B0-4A45-A246-05EEAB11A059}.Debug|Any CPU.ActiveCfg = Debug|Any CPU
		{9461BA01-27B0-4A45-A246-05EEAB11A059}.Debug|Any CPU.Build.0 = Debug|Any CPU
		{9461BA01-27B0-4A45-A246-05EEAB11A059}.Release|Any CPU.ActiveCfg = Release|Any CPU
		{9461BA01-27B0-4A45-A246-05EEAB11A059}.Release|Any CPU.Build.0 = Release|Any CPU
		{9C9C23CE-4281-427C-8869-52FCE6CE8829}.Debug|Any CPU.ActiveCfg = Debug|Any CPU
		{9C9C23CE-4281-427C-8869-52FCE6CE8829}.Debug|Any CPU.Build.0 = Debug|Any CPU
		{9C9C23CE-4281-427C-8869-52FCE6CE8829}.Release|Any CPU.ActiveCfg = Release|Any CPU
		{9C9C23CE-4281-427C-8869-52FCE6CE8829}.Release|Any CPU.Build.0 = Release|Any CPU
		{93E148CC-A144-4606-B931-8FF387CE66D4}.Debug|Any CPU.ActiveCfg = Debug|Any CPU
		{93E148CC-A144-4606-B931-8FF387CE66D4}.Debug|Any CPU.Build.0 = Debug|Any CPU
		{93E148CC-A144-4606-B931-8FF387CE66D4}.Release|Any CPU.ActiveCfg = Release|Any CPU
		{93E148CC-A144-4606-B931-8FF387CE66D4}.Release|Any CPU.Build.0 = Release|Any CPU
		{3E3A4A31-AD91-4BEA-8C09-7B120C951124}.Debug|Any CPU.ActiveCfg = Debug|Any CPU
		{3E3A4A31-AD91-4BEA-8C09-7B120C951124}.Debug|Any CPU.Build.0 = Debug|Any CPU
		{3E3A4A31-AD91-4BEA-8C09-7B120C951124}.Release|Any CPU.ActiveCfg = Release|Any CPU
		{3E3A4A31-AD91-4BEA-8C09-7B120C951124}.Release|Any CPU.Build.0 = Release|Any CPU
		{FBEE50CD-1EAA-410C-A6CA-A3006E5B10F7}.Debug|Any CPU.ActiveCfg = Debug|Any CPU
		{FBEE50CD-1EAA-410C-A6CA-A3006E5B10F7}.Debug|Any CPU.Build.0 = Debug|Any CPU
		{FBEE50CD-1EAA-410C-A6CA-A3006E5B10F7}.Release|Any CPU.ActiveCfg = Release|Any CPU
		{FBEE50CD-1EAA-410C-A6CA-A3006E5B10F7}.Release|Any CPU.Build.0 = Release|Any CPU
	EndGlobalSection
	GlobalSection(SolutionProperties) = preSolution
		HideSolutionNode = FALSE
	EndGlobalSection
	GlobalSection(ExtensibilityGlobals) = postSolution
		SolutionGuid = {AA9A0D03-0842-4DBD-A158-A603B00C6A24}
	EndGlobalSection
EndGlobal
